
Microsoft Visual Studio Solution File, Format Version 12.00
# Visual Studio 15
Project("{FAE04EC0-301F-11D3-BF4B-00C04F79EFBC}") = "Assembly-CSharp", "Assembly-CSharp.csproj", "{BB633AA2-5291-B903-4AC2-9C9F312B7085}"
EndProject
Project("{FAE04EC0-301F-11D3-BF4B-00C04F79EFBC}") = "CFXREditor", "CFXREditor.csproj", "{E96B5887-7E5E-9D97-EAD8-4699B68B9B99}"
EndProject
Project("{FAE04EC0-301F-11D3-BF4B-00C04F79EFBC}") = "CFXRRuntime", "CFXRRuntime.csproj", "{0D13CCC0-3E01-2986-5BA4-7E86219DB293}"
EndProject
Project("{FAE04EC0-301F-11D3-BF4B-00C04F79EFBC}") = "CFXRDemo", "CFXRDemo.csproj", "{EDE025A8-3CAA-DA2D-6AFD-E9057FD72D0A}"
EndProject
Project("{FAE04EC0-301F-11D3-BF4B-00C04F79EFBC}") = "KinoBloom.Runtime", "KinoBloom.Runtime.csproj", "{D91EFB57-AC36-F5BE-7D3C-EABD9D3F72E2}"
EndProject
Project("{FAE04EC0-301F-11D3-BF4B-00C04F79EFBC}") = "ToonyColorsPro.Demo.Editor", "ToonyColorsPro.Demo.Editor.csproj", "{C2DE4141-C09E-C013-9193-D6A538656040}"
EndProject
Project("{FAE04EC0-301F-11D3-BF4B-00C04F79EFBC}") = "CFXR.WelcomeScreen", "CFXR.WelcomeScreen.csproj", "{B9D46808-2C93-7830-F347-30C4B9C49253}"
EndProject
Global
	GlobalSection(SolutionConfigurationPlatforms) = preSolution
		Debug|Any CPU = Debug|Any CPU
		Release|Any CPU = Release|Any CPU
	EndGlobalSection
	GlobalSection(ProjectConfigurationPlatforms) = postSolution
		{BB633AA2-5291-B903-4AC2-9C9F312B7085}.Debug|Any CPU.ActiveCfg = Debug|Any CPU
		{BB633AA2-5291-B903-4AC2-9C9F312B7085}.Debug|Any CPU.Build.0 = Debug|Any CPU
		{BB633AA2-5291-B903-4AC2-9C9F312B7085}.Release|Any CPU.ActiveCfg = Release|Any CPU
		{BB633AA2-5291-B903-4AC2-9C9F312B7085}.Release|Any CPU.Build.0 = Release|Any CPU
		{E96B5887-7E5E-9D97-EAD8-4699B68B9B99}.Debug|Any CPU.ActiveCfg = Debug|Any CPU
		{E96B5887-7E5E-9D97-EAD8-4699B68B9B99}.Debug|Any CPU.Build.0 = Debug|Any CPU
		{E96B5887-7E5E-9D97-EAD8-4699B68B9B99}.Release|Any CPU.ActiveCfg = Release|Any CPU
		{E96B5887-7E5E-9D97-EAD8-4699B68B9B99}.Release|Any CPU.Build.0 = Release|Any CPU
		{0D13CCC0-3E01-2986-5BA4-7E86219DB293}.Debug|Any CPU.ActiveCfg = Debug|Any CPU
		{0D13CCC0-3E01-2986-5BA4-7E86219DB293}.Debug|Any CPU.Build.0 = Debug|Any CPU
		{0D13CCC0-3E01-2986-5BA4-7E86219DB293}.Release|Any CPU.ActiveCfg = Release|Any CPU
		{0D13CCC0-3E01-2986-5BA4-7E86219DB293}.Release|Any CPU.Build.0 = Release|Any CPU
		{EDE025A8-3CAA-DA2D-6AFD-E9057FD72D0A}.Debug|Any CPU.ActiveCfg = Debug|Any CPU
		{EDE025A8-3CAA-DA2D-6AFD-E9057FD72D0A}.Debug|Any CPU.Build.0 = Debug|Any CPU
		{EDE025A8-3CAA-DA2D-6AFD-E9057FD72D0A}.Release|Any CPU.ActiveCfg = Release|Any CPU
		{EDE025A8-3CAA-DA2D-6AFD-E9057FD72D0A}.Release|Any CPU.Build.0 = Release|Any CPU
		{D91EFB57-AC36-F5BE-7D3C-EABD9D3F72E2}.Debug|Any CPU.ActiveCfg = Debug|Any CPU
		{D91EFB57-AC36-F5BE-7D3C-EABD9D3F72E2}.Debug|Any CPU.Build.0 = Debug|Any CPU
		{D91EFB57-AC36-F5BE-7D3C-EABD9D3F72E2}.Release|Any CPU.ActiveCfg = Release|Any CPU
		{D91EFB57-AC36-F5BE-7D3C-EABD9D3F72E2}.Release|Any CPU.Build.0 = Release|Any CPU
		{C2DE4141-C09E-C013-9193-D6A538656040}.Debug|Any CPU.ActiveCfg = Debug|Any CPU
		{C2DE4141-C09E-C013-9193-D6A538656040}.Debug|Any CPU.Build.0 = Debug|Any CPU
		{C2DE4141-C09E-C013-9193-D6A538656040}.Release|Any CPU.ActiveCfg = Release|Any CPU
		{C2DE4141-C09E-C013-9193-D6A538656040}.Release|Any CPU.Build.0 = Release|Any CPU
		{B9D46808-2C93-7830-F347-30C4B9C49253}.Debug|Any CPU.ActiveCfg = Debug|Any CPU
		{B9D46808-2C93-7830-F347-30C4B9C49253}.Debug|Any CPU.Build.0 = Debug|Any CPU
		{B9D46808-2C93-7830-F347-30C4B9C49253}.Release|Any CPU.ActiveCfg = Release|Any CPU
		{B9D46808-2C93-7830-F347-30C4B9C49253}.Release|Any CPU.Build.0 = Release|Any CPU
	EndGlobalSection
	GlobalSection(SolutionProperties) = preSolution
		HideSolutionNode = FALSE
	EndGlobalSection
EndGlobal
